{
  "name": "broadcast-server",
  "version": "0.1.0",
  "lockfileVersion": 3,
  "requires": true,
  "packages": {
    "": {
      "name": "broadcast-server",
      "version": "0.1.0",
      "workspaces": [
        "server",
        "client"
      ]
    },
    "client": {
      "name": "@broadcast-server/client",
      "version": "0.1.0"
    },
    "node_modules/@broadcast-server/client": {
      "resolved": "client",
      "link": true
    },
    "node_modules/@broadcast-server/server": {
      "resolved": "server",
      "link": true
    },
    "node_modules/ws": {
      "version": "8.21.3",
      "resolved": "https://registry.npmjs.org/ws/-/ws-8.21.3.tgz",
      "integrity": "sha512-201TZ/kPWxoPr/OKWjquZR1SWKXcvxdH+e1xrx89b3YbmzLMFCLfnaG1HFIgWzJOEWZ7MvpK++odZufgYR50Rw==",
      "license": "MIT",
      "engines": {
        "node": ">=10.0.0"
      },
      "peerDependencies": {
        "bufferutil": "^4.0.1",
        "utf-8-validate": ">=5.0.2"
      },
      "peerDependenciesMeta": {
        "bufferutil": {
          "optional": true
        },
        "utf-8-validate": {
          "optional": true
        }
      }
    },
    "server": {
      "name": "@broadcast-server/server",
      "version": "0.1.0",
      "dependencies": {
        "ws": "^8.21.3"
      }
    }
  }
}
